
Microsoft Visual Studio Solution File, Format Version 12.00
# Visual Studio 15
VisualStudioVersion = 15.0.28010.2046
MinimumVisualStudioVersion = 10.0.40219.1
Project("{FAE04EC0-301F-11D3-BF4B-00C04F79EFBC}") = "Discrepancy Report 2", "Discrepancy Report 2\Discrepancy Report 2.csproj", "{9009D4AE-85F0-49BA-9F06-FB20ACDE1CD1}"
EndProject
Global
	GlobalSection(SolutionConfigurationPlatforms) = preSolution
		Debug|Any CPU = Debug|Any CPU
		Release|Any CPU = Release|Any CPU
	EndGlobalSection
	GlobalSection(ProjectConfigurationPlatforms) = postSolution
		{9009D4AE-85F0-49BA-9F06-FB20ACDE1CD1}.Debug|Any CPU.ActiveCfg = Debug|Any CPU
		{9009D4AE-85F0-49BA-9F06-FB20ACDE1CD1}.Debug|Any CPU.Build.0 = Debug|Any CPU
		{9009D4AE-85F0-49BA-9F06-FB20ACDE1CD1}.Release|Any CPU.ActiveCfg = Release|Any CPU
		{9009D4AE-85F0-49BA-9F06-FB20ACDE1CD1}.Release|Any CPU.Build.0 = Release|Any CPU
	EndGlobalSection
	GlobalSection(SolutionProperties) = preSolution
		HideSolutionNode = FALSE
	EndGlobalSection
	GlobalSection(ExtensibilityGlobals) = postSolution
		SolutionGuid = {218BEA24-1AA8-40A4-8023-60B35A1890E4}
	EndGlobalSection
EndGlobal
